{
    "name": "cashmere-examples",
    "version": "0.0.1",
    "lockfileVersion": 1,
    "requires": true,
    "dependencies": {
        "sugar": {
            "version": "2.0.6",
            "resolved": "https://registry.npmjs.org/sugar/-/sugar-2.0.6.tgz",
            "integrity": "sha512-s0P2/pjJtAD9VA44+2Gqm3NdC4v+08melA6YubOxzshu628krTbn95/M2GWMrI9rYspZMpYBIrChR46fjQ7xsQ==",
            "requires": {
                "sugar-core": "^2.0.0"
            }
        },
        "sugar-core": {
            "version": "2.0.6",
            "resolved": "https://registry.npmjs.org/sugar-core/-/sugar-core-2.0.6.tgz",
            "integrity": "sha512-YmLFysR3Si6RImqL1+aB6JH81EXxvXn5iXhPf2PsjfoUYEwCxFDYCQY+zC3WqviuGWzxFaSkkJvkUE05Y03L5Q=="
        },
        "@healthcatalyst/cashmere": {
            "version": "6.5.0",
            "resolved": "https://registry.npmjs.org/@healthcatalyst/cashmere/-/cashmere-6.5.0.tgz",
            "integrity": "sha512-nxsqLdhMxM76nEpVmJIzTsFGQdZpTwRAosD31huSnZkMaJhEk50oTKn+JWDAb4E3NASBP0tK2Et7ujspxDtCnA==",
            "requires": {
                "tslib": "1.10.0"
            }
        },
        "tslib": {
            "version": "1.10.0",
            "resolved": "https://registry.npmjs.org/tslib/-/tslib-1.10.0.tgz",
            "integrity": "sha512-qOebF53frne81cf0S9B41ByenJ3/IuH8yJKngAX35CmiZySA0khhkovshKK+jGCaMnVomla7gVlIcc3EvKPbTQ=="
        }
    }
}
