{
    "name": "@healthcatalyst/cashmere-examples",
    "version": "0.0.1",
    "lockfileVersion": 1,
    "requires": true,
    "dependencies": {
        "@bit/healthcatalyst.cashmere.change-case-pipe": {
            "version": "0.0.5",
            "resolved": "https://node.bit.dev/healthcatalyst.cashmere.change-case-pipe/-/healthcatalyst.cashmere.change-case-pipe-0.0.5.tgz",
            "integrity": "sha1-BBSF+Oo+wJL9X2m6VHPNDBLcQMc=",
            "dev": true
        },
        "@healthcatalyst/cashmere": {
            "version": "11.3.0",
            "resolved": "https://registry.npmjs.org/@healthcatalyst/cashmere/-/cashmere-11.3.0.tgz",
            "integrity": "sha512-uhqfYZPHswgH5VeEg26a8P8SZ7ZyLquwJ4si6MY/tR2PIbQvOa/FPjwUOmmzXNs5MTEdaSGcjq1aTZkHbtgtKA==",
            "dev": true,
            "requires": {
                "tslib": "^2.0.0"
            }
        },
        "tslib": {
            "version": "2.3.1",
            "resolved": "https://registry.npmjs.org/tslib/-/tslib-2.3.1.tgz",
            "integrity": "sha512-77EbyPPpMz+FRFRuAFlWMtmgUWGe9UOG2Z25NqCwiIjRhOf5iKGuzSe5P2w1laq+FkRy4p+PCuVkJSGkzTEKVw==",
            "dev": true
        }
    }
}
