{
    "name": "@healthcatalyst/cashmere-examples",
    "version": "0.0.1",
    "lockfileVersion": 1,
    "requires": true,
    "dependencies": {
        "@healthcatalyst/cashmere": {
            "version": "12.7.2",
            "resolved": "https://registry.npmjs.org/@healthcatalyst/cashmere/-/cashmere-12.7.2.tgz",
            "integrity": "sha512-SoMceeRtZYQByBbBsOZEwQLZcWsDu7PnDDDQ3rzKVwhr2GgDsQUNOA8VleTSKK5dEpEAwMbgwL+dGV1LET3Kzw==",
            "dev": true,
            "requires": {
                "tslib": "^2.0.0"
            }
        },
        "tslib": {
            "version": "2.4.0",
            "resolved": "https://registry.npmjs.org/tslib/-/tslib-2.4.0.tgz",
            "integrity": "sha512-d6xOpEDfsi2CZVlPQzGeux8XMwLT9hssAsaPYExaQMuYskwb+x1x7J371tWlbBdWHroy99KnVB6qIkUbs5X3UQ==",
            "dev": true
        }
    }
}
